
Microsoft Visual Studio Solution File, Format Version 12.00
# Visual Studio 2012
Project("{FAE04EC0-301F-11D3-BF4B-00C04F79EFBC}") = "Project1_Dice", "Project1_Dice\Project1_Dice.csproj", "{04571A10-3148-4917-980B-20934E4A995D}"
EndProject
Global
	GlobalSection(SolutionConfigurationPlatforms) = preSolution
		Debug|Any CPU = Debug|Any CPU
		Release|Any CPU = Release|Any CPU
	EndGlobalSection
	GlobalSection(ProjectConfigurationPlatforms) = postSolution
		{04571A10-3148-4917-980B-20934E4A995D}.Debug|Any CPU.ActiveCfg = Debug|Any CPU
		{04571A10-3148-4917-980B-20934E4A995D}.Debug|Any CPU.Build.0 = Debug|Any CPU
		{04571A10-3148-4917-980B-20934E4A995D}.Release|Any CPU.ActiveCfg = Release|Any CPU
		{04571A10-3148-4917-980B-20934E4A995D}.Release|Any CPU.Build.0 = Release|Any CPU
	EndGlobalSection
	GlobalSection(SolutionProperties) = preSolution
		HideSolutionNode = FALSE
	EndGlobalSection
EndGlobal
